
Microsoft Visual Studio Solution File, Format Version 12.00
# Visual Studio Version 17
VisualStudioVersion = 17.11.35312.102
MinimumVisualStudioVersion = 10.0.40219.1
Project("{FAE04EC0-301F-11D3-BF4B-00C04F79EFBC}") = "LeaderBoard", "LeaderBoard.csproj", "{8B3D8F88-A069-4BCA-824E-5501E56BD946}"
EndProject
Global
	GlobalSection(SolutionConfigurationPlatforms) = preSolution
		Debug|Any CPU = Debug|Any CPU
		Release|Any CPU = Release|Any CPU
	EndGlobalSection
	GlobalSection(ProjectConfigurationPlatforms) = postSolution
		{8B3D8F88-A069-4BCA-824E-5501E56BD946}.Debug|Any CPU.ActiveCfg = Debug|Any CPU
		{8B3D8F88-A069-4BCA-824E-5501E56BD946}.Debug|Any CPU.Build.0 = Debug|Any CPU
		{8B3D8F88-A069-4BCA-824E-5501E56BD946}.Release|Any CPU.ActiveCfg = Release|Any CPU
		{8B3D8F88-A069-4BCA-824E-5501E56BD946}.Release|Any CPU.Build.0 = Release|Any CPU
	EndGlobalSection
	GlobalSection(SolutionProperties) = preSolution
		HideSolutionNode = FALSE
	EndGlobalSection
	GlobalSection(ExtensibilityGlobals) = postSolution
		SolutionGuid = {227EB5E4-510B-46FD-8043-8B861F279896}
	EndGlobalSection
EndGlobal
